{
  "name": "map-the-paths-uploader",
  "version": "1.2.0",
  "lockfileVersion": 1,
  "requires": true,
  "dependencies": {
    "@types/mkdirp": {
      "version": "1.0.1",
      "resolved": "https://registry.npmjs.org/@types/mkdirp/-/mkdirp-1.0.1.tgz",
      "integrity": "sha512-HkGSK7CGAXncr8Qn/0VqNtExEE+PHMWb+qlR1faHMao7ng6P3tAaoWWBMdva0gL5h4zprjIO89GJOLXsMcDm1Q==",
      "dev": true,
      "requires": {
        "@types/node": "*"
      }
    },
    "@types/node": {
      "version": "14.6.4",
      "resolved": "https://registry.npmjs.org/@types/node/-/node-14.6.4.tgz",
      "integrity": "sha512-Wk7nG1JSaMfMpoMJDKUsWYugliB2Vy55pdjLpmLixeyMi7HizW2I/9QoxsPCkXl3dO+ZOVqPumKaDUv5zJu2uQ==",
      "dev": true
    },
    "batch-cluster": {
      "version": "5.11.1",
      "resolved": "https://registry.npmjs.org/batch-cluster/-/batch-cluster-5.11.1.tgz",
      "integrity": "sha512-QS4rtr7/V8BBz/IVTDCr54WWcEGVQ33r44mmstUXHda9tkzciPzxRVntMlV0bnHn66VLpwoCAb6NPQOvW9iQlA=="
    },
    "exiftool-vendored": {
      "version": "11.5.0",
      "requires": {
        "batch-cluster": "^5.11.1",
        "exiftool-vendored.exe": "^12.1.0",
        "exiftool-vendored.pl": "^12.1.0",
        "luxon": "^1.24.1",
        "tz-lookup": "^6.1.25"
      }
    },
    "exiftool-vendored.exe": {
      "version": "12.1.0",
      "resolved": "https://registry.npmjs.org/exiftool-vendored.exe/-/exiftool-vendored.exe-12.1.0.tgz",
      "integrity": "sha512-ENy693f7ueM33nW6xsvf9Rr8kUH2wyXFODEcpKqzXQumdWGEyEtqMjpmgct/rW7HSoKLp4Rk+RczzXmS3P7Ttg==",
      "optional": true
    },
    "exiftool-vendored.pl": {
      "version": "12.5.0",
      "resolved": "https://registry.npmjs.org/exiftool-vendored.pl/-/exiftool-vendored.pl-12.5.0.tgz",
      "integrity": "sha512-aY5G9lgHjgWS86uqJKtAE3Hxr3MxoiKY88oom+LZAf1PAY9+8JyT9h1AF7oK27upWx0MC14FsfNuc+cUjgIPkA==",
      "optional": true
    },
    "luxon": {
      "version": "1.24.1",
      "resolved": "https://registry.npmjs.org/luxon/-/luxon-1.24.1.tgz",
      "integrity": "sha512-CgnIMKAWT0ghcuWFfCWBnWGOddM0zu6c4wZAWmD0NN7MZTnro0+833DF6tJep+xlxRPg4KtsYEHYLfTMBQKwYg=="
    },
    "tz-lookup": {
      "version": "6.1.25",
      "resolved": "https://registry.npmjs.org/tz-lookup/-/tz-lookup-6.1.25.tgz",
      "integrity": "sha512-fFewT9o1uDzsW1QnUU1ValqaihFnwiUiiHr1S79/fxOzKXYYvX+EHeRnpvQJ9B3Qg67wPXT6QF2Esc4pFOrvLg=="
    }
  }
}
